{"celex": "31985L0374", "lang": "cs", "index_name": "bench_cs", "sha256_text": "2f354ea2023203b17c4c753e6403c259c2a67f1968ff4bd2eccdd9a3a5f21a33", "char_len": 16288, "chunk_count": 15}
{"celex": "31993L0013", "lang": "cs", "index_name": "bench_cs", "sha256_text": "f6ec9922984f204eb0d9ca8a3bdb3895efacdda40a23feead67d6e8f97619798", "char_len": 20364, "chunk_count": 21}
{"celex": "32000L0031", "lang": "cs", "index_name": "bench_cs", "sha256_text": "a3a2f55ebf96268e170c00ed9e49cf515de287640a28e3456ee218dc1fd3478c", "char_len": 60805, "chunk_count": 58}
{"celex": "32001L0029", "lang": "cs", "index_name": "bench_cs", "sha256_text": "840fccddb88b42f7c191fd5e66083cf6232f70ec4e51a5b8db3010c7f8f38bc0", "char_len": 50698, "chunk_count": 52}
{"celex": "32002L0058", "lang": "cs", "index_name": "bench_cs", "sha256_text": "dc718a49b102025bed11b8fac141f21428b7c732210cc56daeeb2f3d0eee675b", "char_len": 52565, "chunk_count": 53}
{"celex": "32005L0029", "lang": "cs", "index_name": "bench_cs", "sha256_text": "d854e3566e303df2d5adaaff419ba094031078a7a4de80fc1f6686cb4943e44c", "char_len": 55485, "chunk_count": 52}
{"celex": "32006L0114", "lang": "cs", "index_name": "bench_cs", "sha256_text": "4807aab8edf41200c7ba9ec1b465efec9e74d639cfd02cf72205dd8cd5f115e1", "char_len": 19561, "chunk_count": 18}
{"celex": "32011L0083", "lang": "cs", "index_name": "bench_cs", "sha256_text": "35b7c7582b5ead46603e38d4541662edc5c5787d4bf521127f598ec56a1f5682", "char_len": 100084, "chunk_count": 93}
{"celex": "32019L1024", "lang": "cs", "index_name": "bench_cs", "sha256_text": "5253d35bbc396c14bac0ba9f567fb95033fb7d2435687135a9107bfebb1bbaa8", "char_len": 97165, "chunk_count": 98}
{"celex": "32019R1150", "lang": "cs", "index_name": "bench_cs", "sha256_text": "e8a5d34a2708b4da530b71531a54a43cb08489ae010c6aa1f152af4b50a6b52f", "char_len": 97481, "chunk_count": 97}
{"celex": "31985L0374", "lang": "de", "index_name": "bench_de", "sha256_text": "cf32986ce1379089a89c12275aa89f8fbd2ae0b2b41388816bc042fa0fcfbbc8", "char_len": 20003, "chunk_count": 21}
{"celex": "31993L0013", "lang": "de", "index_name": "bench_de", "sha256_text": "8921e802820856ef7d2e9b272793835804bc6c57cec099c99080b55211d6c01b", "char_len": 22708, "chunk_count": 23}
{"celex": "32000L0031", "lang": "de", "index_name": "bench_de", "sha256_text": "6a00932ed61d418145491f23f9501e7b29e122342365e06189b54dea4210a2c5", "char_len": 76529, "chunk_count": 74}
{"celex": "32001L0029", "lang": "de", "index_name": "bench_de", "sha256_text": "ca102262f6d5601f2bc808b9fce1e27c4c194b1f3682a80771a8a74124785a54", "char_len": 62410, "chunk_count": 65}
{"celex": "32002L0058", "lang": "de", "index_name": "bench_de", "sha256_text": "e735e1e1ae3d3eebd1585a4bec8f68ff08f111b641f81d0445e7f00437ba20d0", "char_len": 62479, "chunk_count": 62}
{"celex": "32005L0029", "lang": "de", "index_name": "bench_de", "sha256_text": "edcee8913667a386593cc8863b54b2e55f93399542f1d4abde7d0dd5e13ff30d", "char_len": 69075, "chunk_count": 65}
{"celex": "32006L0114", "lang": "de", "index_name": "bench_de", "sha256_text": "d298cddd30705ab4eba549093ccab9de048965d83602e37842231a9264e80d0a", "char_len": 24206, "chunk_count": 23}
{"celex": "32011L0083", "lang": "de", "index_name": "bench_de", "sha256_text": "1d2c2edae8b1dd856495e5f0ecea354b7b8a87b058d3f4b766968be75876cf9f", "char_len": 119254, "chunk_count": 117}
{"celex": "32019L1024", "lang": "de", "index_name": "bench_de", "sha256_text": "65a645f8ce6b88df624373654326d8f299f6a18f9357fff9dae7e300a1e24758", "char_len": 116047, "chunk_count": 111}
{"celex": "32019R1150", "lang": "de", "index_name": "bench_de", "sha256_text": "270a97aaa05e3649d3eb998f1583fe0a5bccc07f273b361325d709754b0f6d47", "char_len": 113921, "chunk_count": 111}
{"celex": "31985L0374", "lang": "en", "index_name": "bench_en", "sha256_text": "5ce8c5f569e799ea17e459ee4d510522899d0b71cc3b80350978c16413a75321", "char_len": 19258, "chunk_count": 19}
{"celex": "31993L0013", "lang": "en", "index_name": "bench_en", "sha256_text": "c9756457127f8f7b642334332d0323411d21089ff33dfba7edeb107b5ff024da", "char_len": 21267, "chunk_count": 21}
{"celex": "32000L0031", "lang": "en", "index_name": "bench_en", "sha256_text": "bb237ecc735e632186e91aba5c0835c55bba3a20e379c364907b5fce293c2c09", "char_len": 68660, "chunk_count": 66}
{"celex": "32001L0029", "lang": "en", "index_name": "bench_en", "sha256_text": "fdd63a43f0be3a25024fede28a69e801f2a45be45bf3adda20487fb7482c2a28", "char_len": 54386, "chunk_count": 57}
{"celex": "32002L0058", "lang": "en", "index_name": "bench_en", "sha256_text": "bb756c0e7e733a6fde3a526bd63f1ce1aaf5397bf5d5942d851d13ec6f79f5d9", "char_len": 56492, "chunk_count": 57}
{"celex": "32005L0029", "lang": "en", "index_name": "bench_en", "sha256_text": "5661e6fe2946d430c2b3421c5bfd621b15c6b0edd436852187a37c53ab9f7fc6", "char_len": 60745, "chunk_count": 58}
{"celex": "32006L0114", "lang": "en", "index_name": "bench_en", "sha256_text": "e534f46c1b912891fef00822e5a841af4b9337b75fa048f795122141d14fb173", "char_len": 21890, "chunk_count": 20}
{"celex": "32011L0083", "lang": "en", "index_name": "bench_en", "sha256_text": "13f79c980e8fda1813f9af71628a8034881a841c9fac433476d707716735ffd5", "char_len": 105096, "chunk_count": 101}
{"celex": "32019L1024", "lang": "en", "index_name": "bench_en", "sha256_text": "ffe1ee4fe70dc78229744872090b2a6415b4ab050d93c227e81b3882dc2830d9", "char_len": 100237, "chunk_count": 99}
{"celex": "32019R1150", "lang": "en", "index_name": "bench_en", "sha256_text": "32b853c03362888a5e54f2db46b0fc1b15cd1be93bd6ae144a4292e529c25419", "char_len": 101996, "chunk_count": 99}
